
Microsoft Visual Studio Solution File, Format Version 12.00
# Visual Studio Version 16
VisualStudioVersion = 16.0.29209.62
MinimumVisualStudioVersion = 10.0.40219.1
Project("{FAE04EC0-301F-11D3-BF4B-00C04F79EFBC}") = "Persian.Numbers", "Persian.Numbers\Persian.Numbers.csproj", "{EF115CC9-E250-491E-AD79-525AD2B7F626}"
EndProject
Global
	GlobalSection(SolutionConfigurationPlatforms) = preSolution
		Debug|Any CPU = Debug|Any CPU
		Release|Any CPU = Release|Any CPU
	EndGlobalSection
	GlobalSection(ProjectConfigurationPlatforms) = postSolution
		{EF115CC9-E250-491E-AD79-525AD2B7F626}.Debug|Any CPU.ActiveCfg = Debug|Any CPU
		{EF115CC9-E250-491E-AD79-525AD2B7F626}.Debug|Any CPU.Build.0 = Debug|Any CPU
		{EF115CC9-E250-491E-AD79-525AD2B7F626}.Release|Any CPU.ActiveCfg = Release|Any CPU
		{EF115CC9-E250-491E-AD79-525AD2B7F626}.Release|Any CPU.Build.0 = Release|Any CPU
	EndGlobalSection
	GlobalSection(SolutionProperties) = preSolution
		HideSolutionNode = FALSE
	EndGlobalSection
	GlobalSection(ExtensibilityGlobals) = postSolution
		SolutionGuid = {63F8B1F0-EB32-4180-B972-6C5ED84BCD75}
	EndGlobalSection
EndGlobal
